
Microsoft Visual Studio Solution File, Format Version 12.00
# Visual Studio Version 16
VisualStudioVersion = 16.0.33214.272
MinimumVisualStudioVersion = 10.0.40219.1
Project("{FAE04EC0-301F-11D3-BF4B-00C04F79EFBC}") = "ServerLocalization", "ServerLocalization.csproj", "{88250B6D-B4C0-4B84-B61D-FB38502B6266}"
EndProject
Global
	GlobalSection(SolutionConfigurationPlatforms) = preSolution
		Debug|Any CPU = Debug|Any CPU
		Release|Any CPU = Release|Any CPU
	EndGlobalSection
	GlobalSection(ProjectConfigurationPlatforms) = postSolution
		{88250B6D-B4C0-4B84-B61D-FB38502B6266}.Debug|Any CPU.ActiveCfg = Debug|Any CPU
		{88250B6D-B4C0-4B84-B61D-FB38502B6266}.Debug|Any CPU.Build.0 = Debug|Any CPU
		{88250B6D-B4C0-4B84-B61D-FB38502B6266}.Release|Any CPU.ActiveCfg = Release|Any CPU
		{88250B6D-B4C0-4B84-B61D-FB38502B6266}.Release|Any CPU.Build.0 = Release|Any CPU
	EndGlobalSection
	GlobalSection(SolutionProperties) = preSolution
		HideSolutionNode = FALSE
	EndGlobalSection
	GlobalSection(ExtensibilityGlobals) = postSolution
		SolutionGuid = {95A03424-078C-45F3-B6B4-C722551293DE}
	EndGlobalSection
EndGlobal
